{
  "name": "frontend-performance-tests",
  "version": "0.0.0",
  "lockfileVersion": 3,
  "requires": true,
  "packages": {
    "": {
      "name": "frontend-performance-tests",
      "version": "0.0.0",
      "license": "SEE LICENSE IN LICENSE",
      "engines": {
        "node": ">=20"
      }
    }
  }
}
